
Microsoft Visual Studio Solution File, Format Version 12.00
Project("{FAE04EC0-301F-11D3-BF4B-00C04F79EFBC}") = "Entities", "Entities\Entities.csproj", "{B0F444A2-8041-42BA-BA69-147E1DEA7CCF}"
	ProjectSection(ProjectDependencies) = postProject
		{96320D64-2B72-4D36-85E5-5C22FE02EC5D} = {96320D64-2B72-4D36-85E5-5C22FE02EC5D}
	EndProjectSection
EndProject
Project("{FAE04EC0-301F-11D3-BF4B-00C04F79EFBC}") = "Usecases", "Usecases\Usecases.csproj", "{46EC33D2-A97D-4D1B-9019-E8FFC326922A}"
EndProject
Project("{FAE04EC0-301F-11D3-BF4B-00C04F79EFBC}") = "Infratructure", "Infratructure\Infratructure.csproj", "{843DAEC6-7467-43DF-A8BA-42A2B6F16CA7}"
EndProject
Project("{FAE04EC0-301F-11D3-BF4B-00C04F79EFBC}") = "TodoList", "TodoList\TodoList.csproj", "{96320D64-2B72-4D36-85E5-5C22FE02EC5D}"
EndProject
Project("{FAE04EC0-301F-11D3-BF4B-00C04F79EFBC}") = "TestProject", "TestProject\TestProject.csproj", "{E906F3AF-22D1-4164-9824-8DBB854BAEB7}"
EndProject
Global
	GlobalSection(SolutionConfigurationPlatforms) = preSolution
		Debug|Any CPU = Debug|Any CPU
		Release|Any CPU = Release|Any CPU
	EndGlobalSection
	GlobalSection(ProjectConfigurationPlatforms) = postSolution
		{B0F444A2-8041-42BA-BA69-147E1DEA7CCF}.Debug|Any CPU.ActiveCfg = Debug|Any CPU
		{B0F444A2-8041-42BA-BA69-147E1DEA7CCF}.Debug|Any CPU.Build.0 = Debug|Any CPU
		{B0F444A2-8041-42BA-BA69-147E1DEA7CCF}.Release|Any CPU.ActiveCfg = Release|Any CPU
		{B0F444A2-8041-42BA-BA69-147E1DEA7CCF}.Release|Any CPU.Build.0 = Release|Any CPU
		{46EC33D2-A97D-4D1B-9019-E8FFC326922A}.Debug|Any CPU.ActiveCfg = Debug|Any CPU
		{46EC33D2-A97D-4D1B-9019-E8FFC326922A}.Debug|Any CPU.Build.0 = Debug|Any CPU
		{46EC33D2-A97D-4D1B-9019-E8FFC326922A}.Release|Any CPU.ActiveCfg = Release|Any CPU
		{46EC33D2-A97D-4D1B-9019-E8FFC326922A}.Release|Any CPU.Build.0 = Release|Any CPU
		{843DAEC6-7467-43DF-A8BA-42A2B6F16CA7}.Debug|Any CPU.ActiveCfg = Debug|Any CPU
		{843DAEC6-7467-43DF-A8BA-42A2B6F16CA7}.Debug|Any CPU.Build.0 = Debug|Any CPU
		{843DAEC6-7467-43DF-A8BA-42A2B6F16CA7}.Release|Any CPU.ActiveCfg = Release|Any CPU
		{843DAEC6-7467-43DF-A8BA-42A2B6F16CA7}.Release|Any CPU.Build.0 = Release|Any CPU
		{96320D64-2B72-4D36-85E5-5C22FE02EC5D}.Debug|Any CPU.ActiveCfg = Debug|Any CPU
		{96320D64-2B72-4D36-85E5-5C22FE02EC5D}.Debug|Any CPU.Build.0 = Debug|Any CPU
		{96320D64-2B72-4D36-85E5-5C22FE02EC5D}.Release|Any CPU.ActiveCfg = Release|Any CPU
		{96320D64-2B72-4D36-85E5-5C22FE02EC5D}.Release|Any CPU.Build.0 = Release|Any CPU
		{E906F3AF-22D1-4164-9824-8DBB854BAEB7}.Debug|Any CPU.ActiveCfg = Debug|Any CPU
		{E906F3AF-22D1-4164-9824-8DBB854BAEB7}.Debug|Any CPU.Build.0 = Debug|Any CPU
		{E906F3AF-22D1-4164-9824-8DBB854BAEB7}.Release|Any CPU.ActiveCfg = Release|Any CPU
		{E906F3AF-22D1-4164-9824-8DBB854BAEB7}.Release|Any CPU.Build.0 = Release|Any CPU
	EndGlobalSection
EndGlobal
